
Microsoft Visual Studio Solution File, Format Version 12.00
# Visual Studio Version 17
VisualStudioVersion = 17.14.36429.23 d17.14
MinimumVisualStudioVersion = 10.0.40219.1
Project("{2150E333-8FDC-42A3-9474-1A3956D46DE8}") = "Task0", "Task0", "{02EA681E-C7D8-13C7-8484-4AC65E1B71E8}"
EndProject
Project("{FAE04EC0-301F-11D3-BF4B-00C04F79EFBC}") = "Tyuiu.DunaizevAO.Sprint2.Task0.V10", "Tyuiu.DunaizevAO.Sprint2.Task0.V10\Tyuiu.DunaizevAO.Sprint2.Task0.V10.csproj", "{69133224-F082-4CDA-9000-701029610F13}"
EndProject
Project("{FAE04EC0-301F-11D3-BF4B-00C04F79EFBC}") = "Tyuiu.DunaizevAO.Sprint2.Task0.V10.Lib", "Tyuiu.DunaizevAO.Sprint2.Task0.V10.Lib\Tyuiu.DunaizevAO.Sprint2.Task0.V10.Lib.csproj", "{BB31337C-436D-4B11-93DD-6EFD3C8D8FD8}"
EndProject
Project("{FAE04EC0-301F-11D3-BF4B-00C04F79EFBC}") = "Tyuiu.DunaizevAO.Sprint2.Task0.V10.Test", "Tyuiu.DunaizevAO.Sprint2.Task0.V10.Test\Tyuiu.DunaizevAO.Sprint2.Task0.V10.Test.csproj", "{B7C5B7E9-3969-4DAC-B87A-9787FAE8BB5F}"
EndProject
Project("{2150E333-8FDC-42A3-9474-1A3956D46DE8}") = "Task1", "Task1", "{25777E4E-41DD-414F-AF40-1E31C0039B28}"
EndProject
Project("{FAE04EC0-301F-11D3-BF4B-00C04F79EFBC}") = "Tyuiu.DunaizevAO.Sprint2.Task1.V5", "Tyuiu.DunaizevAO.Sprint2.Task1.V5\Tyuiu.DunaizevAO.Sprint2.Task1.V5.csproj", "{D21DFBB6-8B68-4C98-AD15-E4ECAC9E110B}"
EndProject
Project("{FAE04EC0-301F-11D3-BF4B-00C04F79EFBC}") = "Tyuiu.DunaizevAO.Sprint2.Task1.V5.Lib", "Tyuiu.DunaizevAO.Sprint2.Task1.V5.Lib\Tyuiu.DunaizevAO.Sprint2.Task1.V5.Lib.csproj", "{17C9A24B-A81F-49D4-8F1C-D7ED33EF410D}"
EndProject
Project("{FAE04EC0-301F-11D3-BF4B-00C04F79EFBC}") = "Tyuiu.DunaizevAO.Sprint2.Task1.V5.Test", "Tyuiu.DunaizevAO.Sprint2.Task1.V5.Test\Tyuiu.DunaizevAO.Sprint2.Task1.V5.Test.csproj", "{ECE6E033-7211-471C-BC90-A27B2F898797}"
EndProject
Project("{2150E333-8FDC-42A3-9474-1A3956D46DE8}") = "Task2", "Task2", "{B2C114B8-C910-46C0-8A0B-892F96D42D77}"
EndProject
Project("{FAE04EC0-301F-11D3-BF4B-00C04F79EFBC}") = "Tyuiu.DunaizevAO.Sprint2.Task2.V2", "Tyuiu.DunaizevAO.Sprint2.Task2.V2\Tyuiu.DunaizevAO.Sprint2.Task2.V2.csproj", "{6A0BED8F-8B68-4B47-BDE0-BB80130FB118}"
EndProject
Project("{FAE04EC0-301F-11D3-BF4B-00C04F79EFBC}") = "Tyuiu.DunaizevAO.Sprint2.Task2.V2.Lib", "Tyuiu.DunaizevAO.Sprint2.Task2.V2.Lib\Tyuiu.DunaizevAO.Sprint2.Task2.V2.Lib.csproj", "{F4F51F68-CE1E-4CE4-8EEC-689BDF4A3590}"
EndProject
Project("{FAE04EC0-301F-11D3-BF4B-00C04F79EFBC}") = "Tyuiu.DunaizevAO.Sprint2.Task2.V2.Test", "Tyuiu.DunaizevAO.Sprint2.Task2.V2.Test\Tyuiu.DunaizevAO.Sprint2.Task2.V2.Test.csproj", "{8582B314-D528-4F44-9DFC-AEBF18446222}"
EndProject
Project("{2150E333-8FDC-42A3-9474-1A3956D46DE8}") = "Task3", "Task3", "{51B72BDC-544E-4A36-93D3-8B362DEBA5D8}"
EndProject
Project("{FAE04EC0-301F-11D3-BF4B-00C04F79EFBC}") = "Tyuiu.DunaizevAO.Sprint2.Task3.V13", "Tyuiu.DunaizevAO.Sprint2.Task3.V13\Tyuiu.DunaizevAO.Sprint2.Task3.V13.csproj", "{79C6792E-BA51-4A43-BEE4-04E510319526}"
EndProject
Project("{FAE04EC0-301F-11D3-BF4B-00C04F79EFBC}") = "Tyuiu.DunaizevAO.Sprint2.Task3.V13.Lib", "Tyuiu.DunaizevAO.Sprint2.Task3.V13.Lib\Tyuiu.DunaizevAO.Sprint2.Task3.V13.Lib.csproj", "{3C7C8666-D329-4DCF-96E6-FDB32E57FD8E}"
EndProject
Project("{FAE04EC0-301F-11D3-BF4B-00C04F79EFBC}") = "Tyuiu.DunaizevAO.Sprint2.Task3.V13.Test", "Tyuiu.DunaizevAO.Sprint2.Task3.V13.Test\Tyuiu.DunaizevAO.Sprint2.Task3.V13.Test.csproj", "{953E3CB0-E0B7-4AA2-B225-0FFDB95A008F}"
EndProject
Global
	GlobalSection(SolutionConfigurationPlatforms) = preSolution
		Debug|Any CPU = Debug|Any CPU
		Release|Any CPU = Release|Any CPU
	EndGlobalSection
	GlobalSection(ProjectConfigurationPlatforms) = postSolution
		{69133224-F082-4CDA-9000-701029610F13}.Debug|Any CPU.ActiveCfg = Debug|Any CPU
		{69133224-F082-4CDA-9000-701029610F13}.Debug|Any CPU.Build.0 = Debug|Any CPU
		{69133224-F082-4CDA-9000-701029610F13}.Release|Any CPU.ActiveCfg = Release|Any CPU
		{69133224-F082-4CDA-9000-701029610F13}.Release|Any CPU.Build.0 = Release|Any CPU
		{BB31337C-436D-4B11-93DD-6EFD3C8D8FD8}.Debug|Any CPU.ActiveCfg = Debug|Any CPU
		{BB31337C-436D-4B11-93DD-6EFD3C8D8FD8}.Debug|Any CPU.Build.0 = Debug|Any CPU
		{BB31337C-436D-4B11-93DD-6EFD3C8D8FD8}.Release|Any CPU.ActiveCfg = Release|Any CPU
		{BB31337C-436D-4B11-93DD-6EFD3C8D8FD8}.Release|Any CPU.Build.0 = Release|Any CPU
		{B7C5B7E9-3969-4DAC-B87A-9787FAE8BB5F}.Debug|Any CPU.ActiveCfg = Debug|Any CPU
		{B7C5B7E9-3969-4DAC-B87A-9787FAE8BB5F}.Debug|Any CPU.Build.0 = Debug|Any CPU
		{B7C5B7E9-3969-4DAC-B87A-9787FAE8BB5F}.Release|Any CPU.ActiveCfg = Release|Any CPU
		{B7C5B7E9-3969-4DAC-B87A-9787FAE8BB5F}.Release|Any CPU.Build.0 = Release|Any CPU
		{D21DFBB6-8B68-4C98-AD15-E4ECAC9E110B}.Debug|Any CPU.ActiveCfg = Debug|Any CPU
		{D21DFBB6-8B68-4C98-AD15-E4ECAC9E110B}.Debug|Any CPU.Build.0 = Debug|Any CPU
		{D21DFBB6-8B68-4C98-AD15-E4ECAC9E110B}.Release|Any CPU.ActiveCfg = Release|Any CPU
		{D21DFBB6-8B68-4C98-AD15-E4ECAC9E110B}.Release|Any CPU.Build.0 = Release|Any CPU
		{17C9A24B-A81F-49D4-8F1C-D7ED33EF410D}.Debug|Any CPU.ActiveCfg = Debug|Any CPU
		{17C9A24B-A81F-49D4-8F1C-D7ED33EF410D}.Debug|Any CPU.Build.0 = Debug|Any CPU
		{17C9A24B-A81F-49D4-8F1C-D7ED33EF410D}.Release|Any CPU.ActiveCfg = Release|Any CPU
		{17C9A24B-A81F-49D4-8F1C-D7ED33EF410D}.Release|Any CPU.Build.0 = Release|Any CPU
		{ECE6E033-7211-471C-BC90-A27B2F898797}.Debug|Any CPU.ActiveCfg = Debug|Any CPU
		{ECE6E033-7211-471C-BC90-A27B2F898797}.Debug|Any CPU.Build.0 = Debug|Any CPU
		{ECE6E033-7211-471C-BC90-A27B2F898797}.Release|Any CPU.ActiveCfg = Release|Any CPU
		{ECE6E033-7211-471C-BC90-A27B2F898797}.Release|Any CPU.Build.0 = Release|Any CPU
		{6A0BED8F-8B68-4B47-BDE0-BB80130FB118}.Debug|Any CPU.ActiveCfg = Debug|Any CPU
		{6A0BED8F-8B68-4B47-BDE0-BB80130FB118}.Debug|Any CPU.Build.0 = Debug|Any CPU
		{6A0BED8F-8B68-4B47-BDE0-BB80130FB118}.Release|Any CPU.ActiveCfg = Release|Any CPU
		{6A0BED8F-8B68-4B47-BDE0-BB80130FB118}.Release|Any CPU.Build.0 = Release|Any CPU
		{F4F51F68-CE1E-4CE4-8EEC-689BDF4A3590}.Debug|Any CPU.ActiveCfg = Debug|Any CPU
		{F4F51F68-CE1E-4CE4-8EEC-689BDF4A3590}.Debug|Any CPU.Build.0 = Debug|Any CPU
		{F4F51F68-CE1E-4CE4-8EEC-689BDF4A3590}.Release|Any CPU.ActiveCfg = Release|Any CPU
		{F4F51F68-CE1E-4CE4-8EEC-689BDF4A3590}.Release|Any CPU.Build.0 = Release|Any CPU
		{8582B314-D528-4F44-9DFC-AEBF18446222}.Debug|Any CPU.ActiveCfg = Debug|Any CPU
		{8582B314-D528-4F44-9DFC-AEBF18446222}.Debug|Any CPU.Build.0 = Debug|Any CPU
		{8582B314-D528-4F44-9DFC-AEBF18446222}.Release|Any CPU.ActiveCfg = Release|Any CPU
		{8582B314-D528-4F44-9DFC-AEBF18446222}.Release|Any CPU.Build.0 = Release|Any CPU
		{79C6792E-BA51-4A43-BEE4-04E510319526}.Debug|Any CPU.ActiveCfg = Debug|Any CPU
		{79C6792E-BA51-4A43-BEE4-04E510319526}.Debug|Any CPU.Build.0 = Debug|Any CPU
		{79C6792E-BA51-4A43-BEE4-04E510319526}.Release|Any CPU.ActiveCfg = Release|Any CPU
		{79C6792E-BA51-4A43-BEE4-04E510319526}.Release|Any CPU.Build.0 = Release|Any CPU
		{3C7C8666-D329-4DCF-96E6-FDB32E57FD8E}.Debug|Any CPU.ActiveCfg = Debug|Any CPU
		{3C7C8666-D329-4DCF-96E6-FDB32E57FD8E}.Debug|Any CPU.Build.0 = Debug|Any CPU
		{3C7C8666-D329-4DCF-96E6-FDB32E57FD8E}.Release|Any CPU.ActiveCfg = Release|Any CPU
		{3C7C8666-D329-4DCF-96E6-FDB32E57FD8E}.Release|Any CPU.Build.0 = Release|Any CPU
		{953E3CB0-E0B7-4AA2-B225-0FFDB95A008F}.Debug|Any CPU.ActiveCfg = Debug|Any CPU
		{953E3CB0-E0B7-4AA2-B225-0FFDB95A008F}.Debug|Any CPU.Build.0 = Debug|Any CPU
		{953E3CB0-E0B7-4AA2-B225-0FFDB95A008F}.Release|Any CPU.ActiveCfg = Release|Any CPU
		{953E3CB0-E0B7-4AA2-B225-0FFDB95A008F}.Release|Any CPU.Build.0 = Release|Any CPU
	EndGlobalSection
	GlobalSection(SolutionProperties) = preSolution
		HideSolutionNode = FALSE
	EndGlobalSection
	GlobalSection(NestedProjects) = preSolution
		{69133224-F082-4CDA-9000-701029610F13} = {02EA681E-C7D8-13C7-8484-4AC65E1B71E8}
		{BB31337C-436D-4B11-93DD-6EFD3C8D8FD8} = {02EA681E-C7D8-13C7-8484-4AC65E1B71E8}
		{B7C5B7E9-3969-4DAC-B87A-9787FAE8BB5F} = {02EA681E-C7D8-13C7-8484-4AC65E1B71E8}
		{D21DFBB6-8B68-4C98-AD15-E4ECAC9E110B} = {25777E4E-41DD-414F-AF40-1E31C0039B28}
		{17C9A24B-A81F-49D4-8F1C-D7ED33EF410D} = {25777E4E-41DD-414F-AF40-1E31C0039B28}
		{ECE6E033-7211-471C-BC90-A27B2F898797} = {25777E4E-41DD-414F-AF40-1E31C0039B28}
		{6A0BED8F-8B68-4B47-BDE0-BB80130FB118} = {B2C114B8-C910-46C0-8A0B-892F96D42D77}
		{F4F51F68-CE1E-4CE4-8EEC-689BDF4A3590} = {B2C114B8-C910-46C0-8A0B-892F96D42D77}
		{8582B314-D528-4F44-9DFC-AEBF18446222} = {B2C114B8-C910-46C0-8A0B-892F96D42D77}
		{79C6792E-BA51-4A43-BEE4-04E510319526} = {51B72BDC-544E-4A36-93D3-8B362DEBA5D8}
		{3C7C8666-D329-4DCF-96E6-FDB32E57FD8E} = {51B72BDC-544E-4A36-93D3-8B362DEBA5D8}
		{953E3CB0-E0B7-4AA2-B225-0FFDB95A008F} = {51B72BDC-544E-4A36-93D3-8B362DEBA5D8}
	EndGlobalSection
	GlobalSection(ExtensibilityGlobals) = postSolution
		SolutionGuid = {F2721886-03E0-4AEC-B53F-849689214477}
	EndGlobalSection
EndGlobal
